// !$*UTF8*$!
{
	archiveVersion = 1;
	classes = {
	};
	objectVersion = 48;
	objects = {

/* Begin PBXBuildFile section */
		5D1CE42E1FAB9186005DE0FF /* AppDelegate.swift in Sources */ = {isa = PBXBuildFile; fileRef = 5D1CE42D1FAB9186005DE0FF /* AppDelegate.swift */; };
		5D1CE4301FAB9186005DE0FF /* ViewController.swift in Sources */ = {isa = PBXBuildFile; fileRef = 5D1CE42F1FAB9186005DE0FF /* ViewController.swift */; };
		5D1CE4331FAB9186005DE0FF /* Main.storyboard in Resources */ = {isa = PBXBuildFile; fileRef = 5D1CE4311FAB9186005DE0FF /* Main.storyboard */; };
		5D1CE4361FAB9186005DE0FF /* RideShare.xcdatamodeld in Sources */ = {isa = PBXBuildFile; fileRef = 5D1CE4341FAB9186005DE0FF /* RideShare.xcdatamodeld */; };
		5D1CE4381FAB9186005DE0FF /* Assets.xcassets in Resources */ = {isa = PBXBuildFile; fileRef = 5D1CE4371FAB9186005DE0FF /* Assets.xcassets */; };
		5D1CE43B1FAB9186005DE0FF /* LaunchScreen.storyboard in Resources */ = {isa = PBXBuildFile; fileRef = 5D1CE4391FAB9186005DE0FF /* LaunchScreen.storyboard */; };
		5D1CE4461FAB9187005DE0FF /* RideShareTests.swift in Sources */ = {isa = PBXBuildFile; fileRef = 5D1CE4451FAB9187005DE0FF /* RideShareTests.swift */; };
		5D1CE4511FAB9187005DE0FF /* RideShareUITests.swift in Sources */ = {isa = PBXBuildFile; fileRef = 5D1CE4501FAB9187005DE0FF /* RideShareUITests.swift */; };
/* End PBXBuildFile section */

/* Begin PBXContainerItemProxy section */
		5D1CE4421FAB9187005DE0FF /* PBXContainerItemProxy */ = {
			isa = PBXContainerItemProxy;
			containerPortal = 5D1CE4221FAB9186005DE0FF /* Project object */;
			proxyType = 1;
			remoteGlobalIDString = 5D1CE4291FAB9186005DE0FF;
			remoteInfo = RideShare;
		};
		5D1CE44D1FAB9187005DE0FF /* PBXContainerItemProxy */ = {
			isa = PBXContainerItemProxy;
			containerPortal = 5D1CE4221FAB9186005DE0FF /* Project object */;
			proxyType = 1;
			remoteGlobalIDString = 5D1CE4291FAB9186005DE0FF;
			remoteInfo = RideShare;
		};
/* End PBXContainerItemProxy section */

/* Begin PBXFileReference section */
		5D1CE42A1FAB9186005DE0FF /* RideShare.app */ = {isa = PBXFileReference; explicitFileType = wrapper.application; includeInIndex = 0; path = RideShare.app; sourceTree = BUILT_PRODUCTS_DIR; };
		5D1CE42D1FAB9186005DE0FF /* AppDelegate.swift */ = {isa = PBXFileReference; lastKnownFileType = sourcecode.swift; path = AppDelegate.swift; sourceTree = "<group>"; };
		5D1CE42F1FAB9186005DE0FF /* ViewController.swift */ = {isa = PBXFileReference; lastKnownFileType = sourcecode.swift; path = ViewController.swift; sourceTree = "<group>"; };
		5D1CE4321FAB9186005DE0FF /* Base */ = {isa = PBXFileReference; lastKnownFileType = file.storyboard; name = Base; path = Base.lproj/Main.storyboard; sourceTree = "<group>"; };
		5D1CE4351FAB9186005DE0FF /* RideShare.xcdatamodel */ = {isa = PBXFileReference; lastKnownFileType = wrapper.xcdatamodel; path = RideShare.xcdatamodel; sourceTree = "<group>"; };
		5D1CE4371FAB9186005DE0FF /* Assets.xcassets */ = {isa = PBXFileReference; lastKnownFileType = folder.assetcatalog; path = Assets.xcassets; sourceTree = "<group>"; };
		5D1CE43A1FAB9186005DE0FF /* Base */ = {isa = PBXFileReference; lastKnownFileType = file.storyboard; name = Base; path = Base.lproj/LaunchScreen.storyboard; sourceTree = "<group>"; };
		5D1CE43C1FAB9186005DE0FF /* Info.plist */ = {isa = PBXFileReference; lastKnownFileType = text.plist.xml; path = Info.plist; sourceTree = "<group>"; };
		5D1CE4411FAB9187005DE0FF /* RideShareTests.xctest */ = {isa = PBXFileReference; explicitFileType = wrapper.cfbundle; includeInIndex = 0; path = RideShareTests.xctest; sourceTree = BUILT_PRODUCTS_DIR; };
		5D1CE4451FAB9187005DE0FF /* RideShareTests.swift */ = {isa = PBXFileReference; lastKnownFileType = sourcecode.swift; path = RideShareTests.swift; sourceTree = "<group>"; };
		5D1CE4471FAB9187005DE0FF /* Info.plist */ = {isa = PBXFileReference; lastKnownFileType = text.plist.xml; path = Info.plist; sourceTree = "<group>"; };
		5D1CE44C1FAB9187005DE0FF /* RideShareUITests.xctest */ = {isa = PBXFileReference; explicitFileType = wrapper.cfbundle; includeInIndex = 0; path = RideShareUITests.xctest; sourceTree = BUILT_PRODUCTS_DIR; };
		5D1CE4501FAB9187005DE0FF /* RideShareUITests.swift */ = {isa = PBXFileReference; lastKnownFileType = sourcecode.swift; path = RideShareUITests.swift; sourceTree = "<group>"; };
		5D1CE4521FAB9187005DE0FF /* Info.plist */ = {isa = PBXFileReference; lastKnownFileType = text.plist.xml; path = Info.plist; sourceTree = "<group>"; };
/* End PBXFileReference section */

/* Begin PBXFrameworksBuildPhase section */
		5D1CE4271FAB9186005DE0FF /* Frameworks */ = {
			isa = PBXFrameworksBuildPhase;
			buildActionMask = 2147483647;
			files = (
			);
			runOnlyForDeploymentPostprocessing = 0;
		};
		5D1CE43E1FAB9187005DE0FF /* Frameworks */ = {
			isa = PBXFrameworksBuildPhase;
			buildActionMask = 2147483647;
			files = (
			);
			runOnlyForDeploymentPostprocessing = 0;
		};
		5D1CE4491FAB9187005DE0FF /* Frameworks */ = {
			isa = PBXFrameworksBuildPhase;
			buildActionMask = 2147483647;
			files = (
			);
			runOnlyForDeploymentPostprocessing = 0;
		};
/* End PBXFrameworksBuildPhase section */

/* Begin PBXGroup section */
		5D1CE4211FAB9186005DE0FF = {
			isa = PBXGroup;
			children = (
				5D1CE42C1FAB9186005DE0FF /* RideShare */,
				5D1CE4441FAB9187005DE0FF /* RideShareTests */,
				5D1CE44F1FAB9187005DE0FF /* RideShareUITests */,
				5D1CE42B1FAB9186005DE0FF /* Products */,
			);
			sourceTree = "<group>";
		};
		5D1CE42B1FAB9186005DE0FF /* Products */ = {
			isa = PBXGroup;
			children = (
				5D1CE42A1FAB9186005DE0FF /* RideShare.app */,
				5D1CE4411FAB9187005DE0FF /* RideShareTests.xctest */,
				5D1CE44C1FAB9187005DE0FF /* RideShareUITests.xctest */,
			);
			name = Products;
			sourceTree = "<group>";
		};
		5D1CE42C1FAB9186005DE0FF /* RideShare */ = {
			isa = PBXGroup;
			children = (
				5D1CE42D1FAB9186005DE0FF /* AppDelegate.swift */,
				5D1CE42F1FAB9186005DE0FF /* ViewController.swift */,
				5D1CE4311FAB9186005DE0FF /* Main.storyboard */,
				5D1CE4371FAB9186005DE0FF /* Assets.xcassets */,
				5D1CE4391FAB9186005DE0FF /* LaunchScreen.storyboard */,
				5D1CE43C1FAB9186005DE0FF /* Info.plist */,
				5D1CE4341FAB9186005DE0FF /* RideShare.xcdatamodeld */,
			);
			path = RideShare;
			sourceTree = "<group>";
		};
		5D1CE4441FAB9187005DE0FF /* RideShareTests */ = {
			isa = PBXGroup;
			children = (
				5D1CE4451FAB9187005DE0FF /* RideShareTests.swift */,
				5D1CE4471FAB9187005DE0FF /* Info.plist */,
			);
			path = RideShareTests;
			sourceTree = "<group>";
		};
		5D1CE44F1FAB9187005DE0FF /* RideShareUITests */ = {
			isa = PBXGroup;
			children = (
				5D1CE4501FAB9187005DE0FF /* RideShareUITests.swift */,
				5D1CE4521FAB9187005DE0FF /* Info.plist */,
			);
			path = RideShareUITests;
			sourceTree = "<group>";
		};
/* End PBXGroup section */

/* Begin PBXNativeTarget section */
		5D1CE4291FAB9186005DE0FF /* RideShare */ = {
			isa = PBXNativeTarget;
			buildConfigurationList = 5D1CE4551FAB9187005DE0FF /* Build configuration list for PBXNativeTarget "RideShare" */;
			buildPhases = (
				5D1CE4261FAB9186005DE0FF /* Sources */,
				5D1CE4271FAB9186005DE0FF /* Frameworks */,
				5D1CE4281FAB9186005DE0FF /* Resources */,
			);
			buildRules = (
			);
			dependencies = (
			);
			name = RideShare;
			productName = RideShare;
			productReference = 5D1CE42A1FAB9186005DE0FF /* RideShare.app */;
			productType = "com.apple.product-type.application";
		};
		5D1CE4401FAB9187005DE0FF /* RideShareTests */ = {
			isa = PBXNativeTarget;
			buildConfigurationList = 5D1CE4581FAB9187005DE0FF /* Build configuration list for PBXNativeTarget "RideShareTests" */;
			buildPhases = (
				5D1CE43D1FAB9187005DE0FF /* Sources */,
				5D1CE43E1FAB9187005DE0FF /* Frameworks */,
				5D1CE43F1FAB9187005DE0FF /* Resources */,
			);
			buildRules = (
			);
			dependencies = (
				5D1CE4431FAB9187005DE0FF /* PBXTargetDependency */,
			);
			name = RideShareTests;
			productName = RideShareTests;
			productReference = 5D1CE4411FAB9187005DE0FF /* RideShareTests.xctest */;
			productType = "com.apple.product-type.bundle.unit-test";
		};
		5D1CE44B1FAB9187005DE0FF /* RideShareUITests */ = {
			isa = PBXNativeTarget;
			buildConfigurationList = 5D1CE45B1FAB9187005DE0FF /* Build configuration list for PBXNativeTarget "RideShareUITests" */;
			buildPhases = (
				5D1CE4481FAB9187005DE0FF /* Sources */,
				5D1CE4491FAB9187005DE0FF /* Frameworks */,
				5D1CE44A1FAB9187005DE0FF /* Resources */,
			);
			buildRules = (
			);
			dependencies = (
				5D1CE44E1FAB9187005DE0FF /* PBXTargetDependency */,
			);
			name = RideShareUITests;
			productName = RideShareUITests;
			productReference = 5D1CE44C1FAB9187005DE0FF /* RideShareUITests.xctest */;
			productType = "com.apple.product-type.bundle.ui-testing";
		};
/* End PBXNativeTarget section */

/* Begin PBXProject section */
		5D1CE4221FAB9186005DE0FF /* Project object */ = {
			isa = PBXProject;
			attributes = {
				LastSwiftUpdateCheck = 0900;
				LastUpgradeCheck = 0900;
				ORGANIZATIONNAME = "Sahand Sadri";
				TargetAttributes = {
					5D1CE4291FAB9186005DE0FF = {
						CreatedOnToolsVersion = 9.0;
						ProvisioningStyle = Automatic;
					};
					5D1CE4401FAB9187005DE0FF = {
						CreatedOnToolsVersion = 9.0;
						ProvisioningStyle = Automatic;
						TestTargetID = 5D1CE4291FAB9186005DE0FF;
					};
					5D1CE44B1FAB9187005DE0FF = {
						CreatedOnToolsVersion = 9.0;
						ProvisioningStyle = Automatic;
						TestTargetID = 5D1CE4291FAB9186005DE0FF;
					};
				};
			};
			buildConfigurationList = 5D1CE4251FAB9186005DE0FF /* Build configuration list for PBXProject "RideShare" */;
			compatibilityVersion = "Xcode 8.0";
			developmentRegion = en;
			hasScannedForEncodings = 0;
			knownRegions = (
				en,
				Base,
			);
			mainGroup = 5D1CE4211FAB9186005DE0FF;
			productRefGroup = 5D1CE42B1FAB9186005DE0FF /* Products */;
			projectDirPath = "";
			projectRoot = "";
			targets = (
				5D1CE4291FAB9186005DE0FF /* RideShare */,
				5D1CE4401FAB9187005DE0FF /* RideShareTests */,
				5D1CE44B1FAB9187005DE0FF /* RideShareUITests */,
			);
		};
/* End PBXProject section */

/* Begin PBXResourcesBuildPhase section */
		5D1CE4281FAB9186005DE0FF /* Resources */ = {
			isa = PBXResourcesBuildPhase;
			buildActionMask = 2147483647;
			files = (
				5D1CE43B1FAB9186005DE0FF /* LaunchScreen.storyboard in Resources */,
				5D1CE4381FAB9186005DE0FF /* Assets.xcassets in Resources */,
				5D1CE4331FAB9186005DE0FF /* Main.storyboard in Resources */,
			);
			runOnlyForDeploymentPostprocessing = 0;
		};
		5D1CE43F1FAB9187005DE0FF /* Resources */ = {
			isa = PBXResourcesBuildPhase;
			buildActionMask = 2147483647;
			files = (
			);
			runOnlyForDeploymentPostprocessing = 0;
		};
		5D1CE44A1FAB9187005DE0FF /* Resources */ = {
			isa = PBXResourcesBuildPhase;
			buildActionMask = 2147483647;
			files = (
			);
			runOnlyForDeploymentPostprocessing = 0;
		};
/* End PBXResourcesBuildPhase section */

/* Begin PBXSourcesBuildPhase section */
		5D1CE4261FAB9186005DE0FF /* Sources */ = {
			isa = PBXSourcesBuildPhase;
			buildActionMask = 2147483647;
			files = (
				5D1CE4361FAB9186005DE0FF /* RideShare.xcdatamodeld in Sources */,
				5D1CE4301FAB9186005DE0FF /* ViewController.swift in Sources */,
				5D1CE42E1FAB9186005DE0FF /* AppDelegate.swift in Sources */,
			);
			runOnlyForDeploymentPostprocessing = 0;
		};
		5D1CE43D1FAB9187005DE0FF /* Sources */ = {
			isa = PBXSourcesBuildPhase;
			buildActionMask = 2147483647;
			files = (
				5D1CE4461FAB9187005DE0FF /* RideShareTests.swift in Sources */,
			);
			runOnlyForDeploymentPostprocessing = 0;
		};
		5D1CE4481FAB9187005DE0FF /* Sources */ = {
			isa = PBXSourcesBuildPhase;
			buildActionMask = 2147483647;
			files = (
				5D1CE4511FAB9187005DE0FF /* RideShareUITests.swift in Sources */,
			);
			runOnlyForDeploymentPostprocessing = 0;
		};
/* End PBXSourcesBuildPhase section */

/* Begin PBXTargetDependency section */
		5D1CE4431FAB9187005DE0FF /* PBXTargetDependency */ = {
			isa = PBXTargetDependency;
			target = 5D1CE4291FAB9186005DE0FF /* RideShare */;
			targetProxy = 5D1CE4421FAB9187005DE0FF /* PBXContainerItemProxy */;
		};
		5D1CE44E1FAB9187005DE0FF /* PBXTargetDependency */ = {
			isa = PBXTargetDependency;
			target = 5D1CE4291FAB9186005DE0FF /* RideShare */;
			targetProxy = 5D1CE44D1FAB9187005DE0FF /* PBXContainerItemProxy */;
		};
/* End PBXTargetDependency section */

/* Begin PBXVariantGroup section */
		5D1CE4311FAB9186005DE0FF /* Main.storyboard */ = {
			isa = PBXVariantGroup;
			children = (
				5D1CE4321FAB9186005DE0FF /* Base */,
			);
			name = Main.storyboard;
			sourceTree = "<group>";
		};
		5D1CE4391FAB9186005DE0FF /* LaunchScreen.storyboard */ = {
			isa = PBXVariantGroup;
			children = (
				5D1CE43A1FAB9186005DE0FF /* Base */,
			);
			name = LaunchScreen.storyboard;
			sourceTree = "<group>";
		};
/* End PBXVariantGroup section */

/* Begin XCBuildConfiguration section */
		5D1CE4531FAB9187005DE0FF /* Debug */ = {
			isa = XCBuildConfiguration;
			buildSettings = {
				ALWAYS_SEARCH_USER_PATHS = NO;
				CLANG_ANALYZER_NONNULL = YES;
				CLANG_ANALYZER_NUMBER_OBJECT_CONVERSION = YES_AGGRESSIVE;
				CLANG_CXX_LANGUAGE_STANDARD = "gnu++14";
				CLANG_CXX_LIBRARY = "libc++";
				CLANG_ENABLE_MODULES = YES;
				CLANG_ENABLE_OBJC_ARC = YES;
				CLANG_WARN_BLOCK_CAPTURE_AUTORELEASING = YES;
				CLANG_WARN_BOOL_CONVERSION = YES;
				CLANG_WARN_COMMA = YES;
				CLANG_WARN_CONSTANT_CONVERSION = YES;
				CLANG_WARN_DIRECT_OBJC_ISA_USAGE = YES_ERROR;
				CLANG_WARN_DOCUMENTATION_COMMENTS = YES;
				CLANG_WARN_EMPTY_BODY = YES;
				CLANG_WARN_ENUM_CONVERSION = YES;
				CLANG_WARN_INFINITE_RECURSION = YES;
				CLANG_WARN_INT_CONVERSION = YES;
				CLANG_WARN_NON_LITERAL_NULL_CONVERSION = YES;
				CLANG_WARN_OBJC_LITERAL_CONVERSION = YES;
				CLANG_WARN_OBJC_ROOT_CLASS = YES_ERROR;
				CLANG_WARN_RANGE_LOOP_ANALYSIS = YES;
				CLANG_WARN_STRICT_PROTOTYPES = YES;
				CLANG_WARN_SUSPICIOUS_MOVE = YES;
				CLANG_WARN_UNGUARDED_AVAILABILITY = YES_AGGRESSIVE;
				CLANG_WARN_UNREACHABLE_CODE = YES;
				CLANG_WARN__DUPLICATE_METHOD_MATCH = YES;
				CODE_SIGN_IDENTITY = "iPhone Developer";
				COPY_PHASE_STRIP = NO;
				DEBUG_INFORMATION_FORMAT = dwarf;
				ENABLE_STRICT_OBJC_MSGSEND = YES;
				ENABLE_TESTABILITY = YES;
				GCC_C_LANGUAGE_STANDARD = gnu11;
				GCC_DYNAMIC_NO_PIC = NO;
				GCC_NO_COMMON_BLOCKS = YES;
				GCC_OPTIMIZATION_LEVEL = 0;
				GCC_PREPROCESSOR_DEFINITIONS = (
					"DEBUG=1",
					"$(inherited)",
				);
				GCC_WARN_64_TO_32_BIT_CONVERSION = YES;
				GCC_WARN_ABOUT_RETURN_TYPE = YES_ERROR;
				GCC_WARN_UNDECLARED_SELECTOR = YES;
				GCC_WARN_UNINITIALIZED_AUTOS = YES_AGGRESSIVE;
				GCC_WARN_UNUSED_FUNCTION = YES;
				GCC_WARN_UNUSED_VARIABLE = YES;
				IPHONEOS_DEPLOYMENT_TARGET = 11.0;
				MTL_ENABLE_DEBUG_INFO = YES;
				ONLY_ACTIVE_ARCH = YES;
				SDKROOT = iphoneos;
				SWIFT_ACTIVE_COMPILATION_CONDITIONS = DEBUG;
				SWIFT_OPTIMIZATION_LEVEL = "-Onone";
			};
			name = Debug;
		};
		5D1CE4541FAB9187005DE0FF /* Release */ = {
			isa = XCBuildConfiguration;
			buildSettings = {
				ALWAYS_SEARCH_USER_PATHS = NO;
				CLANG_ANALYZER_NONNULL = YES;
				CLANG_ANALYZER_NUMBER_OBJECT_CONVERSION = YES_AGGRESSIVE;
				CLANG_CXX_LANGUAGE_STANDARD = "gnu++14";
				CLANG_CXX_LIBRARY = "libc++";
				CLANG_ENABLE_MODULES = YES;
				CLANG_ENABLE_OBJC_ARC = YES;
				CLANG_WARN_BLOCK_CAPTURE_AUTORELEASING = YES;
				CLANG_WARN_BOOL_CONVERSION = YES;
				CLANG_WARN_COMMA = YES;
				CLANG_WARN_CONSTANT_CONVERSION = YES;
				CLANG_WARN_DIRECT_OBJC_ISA_USAGE = YES_ERROR;
				CLANG_WARN_DOCUMENTATION_COMMENTS = YES;
				CLANG_WARN_EMPTY_BODY = YES;
				CLANG_WARN_ENUM_CONVERSION = YES;
				CLANG_WARN_INFINITE_RECURSION = YES;
				CLANG_WARN_INT_CONVERSION = YES;
				CLANG_WARN_NON_LITERAL_NULL_CONVERSION = YES;
				CLANG_WARN_OBJC_LITERAL_CONVERSION = YES;
				CLANG_WARN_OBJC_ROOT_CLASS = YES_ERROR;
				CLANG_WARN_RANGE_LOOP_ANALYSIS = YES;
				CLANG_WARN_STRICT_PROTOTYPES = YES;
				CLANG_WARN_SUSPICIOUS_MOVE = YES;
				CLANG_WARN_UNGUARDED_AVAILABILITY = YES_AGGRESSIVE;
				CLANG_WARN_UNREACHABLE_CODE = YES;
				CLANG_WARN__DUPLICATE_METHOD_MATCH = YES;
				CODE_SIGN_IDENTITY = "iPhone Developer";
				COPY_PHASE_STRIP = NO;
				DEBUG_INFORMATION_FORMAT = "dwarf-with-dsym";
				ENABLE_NS_ASSERTIONS = NO;
				ENABLE_STRICT_OBJC_MSGSEND = YES;
				GCC_C_LANGUAGE_STANDARD = gnu11;
				GCC_NO_COMMON_BLOCKS = YES;
				GCC_WARN_64_TO_32_BIT_CONVERSION = YES;
				GCC_WARN_ABOUT_RETURN_TYPE = YES_ERROR;
				GCC_WARN_UNDECLARED_SELECTOR = YES;
				GCC_WARN_UNINITIALIZED_AUTOS = YES_AGGRESSIVE;
				GCC_WARN_UNUSED_FUNCTION = YES;
				GCC_WARN_UNUSED_VARIABLE = YES;
				IPHONEOS_DEPLOYMENT_TARGET = 11.0;
				MTL_ENABLE_DEBUG_INFO = NO;
				SDKROOT = iphoneos;
				SWIFT_OPTIMIZATION_LEVEL = "-Owholemodule";
				VALIDATE_PRODUCT = YES;
			};
			name = Release;
		};
		5D1CE4561FAB9187005DE0FF /* Debug */ = {
			isa = XCBuildConfiguration;
			buildSettings = {
				ASSETCATALOG_COMPILER_APPICON_NAME = AppIcon;
				CODE_SIGN_STYLE = Automatic;
				DEVELOPMENT_TEAM = K752ZVTXK3;
				INFOPLIST_FILE = RideShare/Info.plist;
				LD_RUNPATH_SEARCH_PATHS = "$(inherited) @executable_path/Frameworks";
				PRODUCT_BUNDLE_IDENTIFIER = edu.mail.missouri.RideShare;
				PRODUCT_NAME = "$(TARGET_NAME)";
				SWIFT_VERSION = 4.0;
				TARGETED_DEVICE_FAMILY = "1,2";
			};
			name = Debug;
		};
		5D1CE4571FAB9187005DE0FF /* Release */ = {
			isa = XCBuildConfiguration;
			buildSettings = {
				ASSETCATALOG_COMPILER_APPICON_NAME = AppIcon;
				CODE_SIGN_STYLE = Automatic;
				DEVELOPMENT_TEAM = K752ZVTXK3;
				INFOPLIST_FILE = RideShare/Info.plist;
				LD_RUNPATH_SEARCH_PATHS = "$(inherited) @executable_path/Frameworks";
				PRODUCT_BUNDLE_IDENTIFIER = edu.mail.missouri.RideShare;
				PRODUCT_NAME = "$(TARGET_NAME)";
				SWIFT_VERSION = 4.0;
				TARGETED_DEVICE_FAMILY = "1,2";
			};
			name = Release;
		};
		5D1CE4591FAB9187005DE0FF /* Debug */ = {
			isa = XCBuildConfiguration;
			buildSettings = {
				ALWAYS_EMBED_SWIFT_STANDARD_LIBRARIES = YES;
				BUNDLE_LOADER = "$(TEST_HOST)";
				CODE_SIGN_STYLE = Automatic;
				DEVELOPMENT_TEAM = K752ZVTXK3;
				INFOPLIST_FILE = RideShareTests/Info.plist;
				LD_RUNPATH_SEARCH_PATHS = "$(inherited) @executable_path/Frameworks @loader_path/Frameworks";
				PRODUCT_BUNDLE_IDENTIFIER = edu.mail.missouri.RideShareTests;
				PRODUCT_NAME = "$(TARGET_NAME)";
				SWIFT_VERSION = 4.0;
				TARGETED_DEVICE_FAMILY = "1,2";
				TEST_HOST = "$(BUILT_PRODUCTS_DIR)/RideShare.app/RideShare";
			};
			name = Debug;
		};
		5D1CE45A1FAB9187005DE0FF /* Release */ = {
			isa = XCBuildConfiguration;
			buildSettings = {
				ALWAYS_EMBED_SWIFT_STANDARD_LIBRARIES = YES;
				BUNDLE_LOADER = "$(TEST_HOST)";
				CODE_SIGN_STYLE = Automatic;
				DEVELOPMENT_TEAM = K752ZVTXK3;
				INFOPLIST_FILE = RideShareTests/Info.plist;
				LD_RUNPATH_SEARCH_PATHS = "$(inherited) @executable_path/Frameworks @loader_path/Frameworks";
				PRODUCT_BUNDLE_IDENTIFIER = edu.mail.missouri.RideShareTests;
				PRODUCT_NAME = "$(TARGET_NAME)";
				SWIFT_VERSION = 4.0;
				TARGETED_DEVICE_FAMILY = "1,2";
				TEST_HOST = "$(BUILT_PRODUCTS_DIR)/RideShare.app/RideShare";
			};
			name = Release;
		};
		5D1CE45C1FAB9187005DE0FF /* Debug */ = {
			isa = XCBuildConfiguration;
			buildSettings = {
				ALWAYS_EMBED_SWIFT_STANDARD_LIBRARIES = YES;
				CODE_SIGN_STYLE = Automatic;
				DEVELOPMENT_TEAM = K752ZVTXK3;
				INFOPLIST_FILE = RideShareUITests/Info.plist;
				LD_RUNPATH_SEARCH_PATHS = "$(inherited) @executable_path/Frameworks @loader_path/Frameworks";
				PRODUCT_BUNDLE_IDENTIFIER = edu.mail.missouri.RideShareUITests;
				PRODUCT_NAME = "$(TARGET_NAME)";
				SWIFT_VERSION = 4.0;
				TARGETED_DEVICE_FAMILY = "1,2";
				TEST_TARGET_NAME = RideShare;
			};
			name = Debug;
		};
		5D1CE45D1FAB9187005DE0FF /* Release */ = {
			isa = XCBuildConfiguration;
			buildSettings = {
				ALWAYS_EMBED_SWIFT_STANDARD_LIBRARIES = YES;
				CODE_SIGN_STYLE = Automatic;
				DEVELOPMENT_TEAM = K752ZVTXK3;
				INFOPLIST_FILE = RideShareUITests/Info.plist;
				LD_RUNPATH_SEARCH_PATHS = "$(inherited) @executable_path/Frameworks @loader_path/Frameworks";
				PRODUCT_BUNDLE_IDENTIFIER = edu.mail.missouri.RideShareUITests;
				PRODUCT_NAME = "$(TARGET_NAME)";
				SWIFT_VERSION = 4.0;
				TARGETED_DEVICE_FAMILY = "1,2";
				TEST_TARGET_NAME = RideShare;
			};
			name = Release;
		};
/* End XCBuildConfiguration section */

/* Begin XCConfigurationList section */
		5D1CE4251FAB9186005DE0FF /* Build configuration list for PBXProject "RideShare" */ = {
			isa = XCConfigurationList;
			buildConfigurations = (
				5D1CE4531FAB9187005DE0FF /* Debug */,
				5D1CE4541FAB9187005DE0FF /* Release */,
			);
			defaultConfigurationIsVisible = 0;
			defaultConfigurationName = Release;
		};
		5D1CE4551FAB9187005DE0FF /* Build configuration list for PBXNativeTarget "RideShare" */ = {
			isa = XCConfigurationList;
			buildConfigurations = (
				5D1CE4561FAB9187005DE0FF /* Debug */,
				5D1CE4571FAB9187005DE0FF /* Release */,
			);
			defaultConfigurationIsVisible = 0;
			defaultConfigurationName = Release;
		};
		5D1CE4581FAB9187005DE0FF /* Build configuration list for PBXNativeTarget "RideShareTests" */ = {
			isa = XCConfigurationList;
			buildConfigurations = (
				5D1CE4591FAB9187005DE0FF /* Debug */,
				5D1CE45A1FAB9187005DE0FF /* Release */,
			);
			defaultConfigurationIsVisible = 0;
			defaultConfigurationName = Release;
		};
		5D1CE45B1FAB9187005DE0FF /* Build configuration list for PBXNativeTarget "RideShareUITests" */ = {
			isa = XCConfigurationList;
			buildConfigurations = (
				5D1CE45C1FAB9187005DE0FF /* Debug */,
				5D1CE45D1FAB9187005DE0FF /* Release */,
			);
			defaultConfigurationIsVisible = 0;
			defaultConfigurationName = Release;
		};
/* End XCConfigurationList section */

/* Begin XCVersionGroup section */
		5D1CE4341FAB9186005DE0FF /* RideShare.xcdatamodeld */ = {
			isa = XCVersionGroup;
			children = (
				5D1CE4351FAB9186005DE0FF /* RideShare.xcdatamodel */,
			);
			currentVersion = 5D1CE4351FAB9186005DE0FF /* RideShare.xcdatamodel */;
			path = RideShare.xcdatamodeld;
			sourceTree = "<group>";
			versionGroupType = wrapper.xcdatamodel;
		};
/* End XCVersionGroup section */
	};
	rootObject = 5D1CE4221FAB9186005DE0FF /* Project object */;
}
